
Microsoft Visual Studio Solution File, Format Version 12.00
# Visual Studio 15
VisualStudioVersion = 15.0.28307.1022
MinimumVisualStudioVersion = 10.0.40219.1
Project("{FAE04EC0-301F-11D3-BF4B-00C04F79EFBC}") = "ProjectRES", "ProjectRES\ProjectRES.csproj", "{42374BFE-CAEA-4DAD-94CC-61A4C8BDF26D}"
EndProject
Project("{FAE04EC0-301F-11D3-BF4B-00C04F79EFBC}") = "Reader", "Reader\Reader.csproj", "{931C3EAF-FC40-4B42-B3B7-889F1D47EE5F}"
EndProject
Project("{FAE04EC0-301F-11D3-BF4B-00C04F79EFBC}") = "Writter", "Writter\Writter.csproj", "{A965EFF1-D61D-4A32-A054-016CD60380D3}"
EndProject
Project("{FAE04EC0-301F-11D3-BF4B-00C04F79EFBC}") = "Historical", "Historical\Historical.csproj", "{924913C0-6D9B-4620-891E-9DA79BC4D833}"
EndProject
Project("{FAE04EC0-301F-11D3-BF4B-00C04F79EFBC}") = "DumpingBuffer", "DumpingBuffer\DumpingBuffer.csproj", "{6F5D93DE-EE62-4D80-AB9D-94B69E6DBBBB}"
EndProject
Project("{FAE04EC0-301F-11D3-BF4B-00C04F79EFBC}") = "InterfaceLibrary1", "InterfaceLibrary1\InterfaceLibrary1.csproj", "{FD885A00-E388-43BB-BDDA-2D942B2CCAC4}"
EndProject
Project("{FAE04EC0-301F-11D3-BF4B-00C04F79EFBC}") = "Logger", "Logger\Logger.csproj", "{0F591FBE-67BE-4071-9E0F-CCA7F87EC213}"
EndProject
Project("{FAE04EC0-301F-11D3-BF4B-00C04F79EFBC}") = "Test", "Test\Test.csproj", "{8307AE78-F46A-4880-B60C-07102D159A77}"
EndProject
Global
	GlobalSection(SolutionConfigurationPlatforms) = preSolution
		Debug|Any CPU = Debug|Any CPU
		Release|Any CPU = Release|Any CPU
	EndGlobalSection
	GlobalSection(ProjectConfigurationPlatforms) = postSolution
		{42374BFE-CAEA-4DAD-94CC-61A4C8BDF26D}.Debug|Any CPU.ActiveCfg = Debug|Any CPU
		{42374BFE-CAEA-4DAD-94CC-61A4C8BDF26D}.Debug|Any CPU.Build.0 = Debug|Any CPU
		{42374BFE-CAEA-4DAD-94CC-61A4C8BDF26D}.Release|Any CPU.ActiveCfg = Release|Any CPU
		{42374BFE-CAEA-4DAD-94CC-61A4C8BDF26D}.Release|Any CPU.Build.0 = Release|Any CPU
		{931C3EAF-FC40-4B42-B3B7-889F1D47EE5F}.Debug|Any CPU.ActiveCfg = Debug|Any CPU
		{931C3EAF-FC40-4B42-B3B7-889F1D47EE5F}.Debug|Any CPU.Build.0 = Debug|Any CPU
		{931C3EAF-FC40-4B42-B3B7-889F1D47EE5F}.Release|Any CPU.ActiveCfg = Release|Any CPU
		{931C3EAF-FC40-4B42-B3B7-889F1D47EE5F}.Release|Any CPU.Build.0 = Release|Any CPU
		{A965EFF1-D61D-4A32-A054-016CD60380D3}.Debug|Any CPU.ActiveCfg = Debug|Any CPU
		{A965EFF1-D61D-4A32-A054-016CD60380D3}.Debug|Any CPU.Build.0 = Debug|Any CPU
		{A965EFF1-D61D-4A32-A054-016CD60380D3}.Release|Any CPU.ActiveCfg = Release|Any CPU
		{A965EFF1-D61D-4A32-A054-016CD60380D3}.Release|Any CPU.Build.0 = Release|Any CPU
		{924913C0-6D9B-4620-891E-9DA79BC4D833}.Debug|Any CPU.ActiveCfg = Debug|Any CPU
		{924913C0-6D9B-4620-891E-9DA79BC4D833}.Debug|Any CPU.Build.0 = Debug|Any CPU
		{924913C0-6D9B-4620-891E-9DA79BC4D833}.Release|Any CPU.ActiveCfg = Release|Any CPU
		{924913C0-6D9B-4620-891E-9DA79BC4D833}.Release|Any CPU.Build.0 = Release|Any CPU
		{6F5D93DE-EE62-4D80-AB9D-94B69E6DBBBB}.Debug|Any CPU.ActiveCfg = Debug|Any CPU
		{6F5D93DE-EE62-4D80-AB9D-94B69E6DBBBB}.Debug|Any CPU.Build.0 = Debug|Any CPU
		{6F5D93DE-EE62-4D80-AB9D-94B69E6DBBBB}.Release|Any CPU.ActiveCfg = Release|Any CPU
		{6F5D93DE-EE62-4D80-AB9D-94B69E6DBBBB}.Release|Any CPU.Build.0 = Release|Any CPU
		{FD885A00-E388-43BB-BDDA-2D942B2CCAC4}.Debug|Any CPU.ActiveCfg = Debug|Any CPU
		{FD885A00-E388-43BB-BDDA-2D942B2CCAC4}.Debug|Any CPU.Build.0 = Debug|Any CPU
		{FD885A00-E388-43BB-BDDA-2D942B2CCAC4}.Release|Any CPU.ActiveCfg = Release|Any CPU
		{FD885A00-E388-43BB-BDDA-2D942B2CCAC4}.Release|Any CPU.Build.0 = Release|Any CPU
		{0F591FBE-67BE-4071-9E0F-CCA7F87EC213}.Debug|Any CPU.ActiveCfg = Debug|Any CPU
		{0F591FBE-67BE-4071-9E0F-CCA7F87EC213}.Debug|Any CPU.Build.0 = Debug|Any CPU
		{0F591FBE-67BE-4071-9E0F-CCA7F87EC213}.Release|Any CPU.ActiveCfg = Release|Any CPU
		{0F591FBE-67BE-4071-9E0F-CCA7F87EC213}.Release|Any CPU.Build.0 = Release|Any CPU
		{8307AE78-F46A-4880-B60C-07102D159A77}.Debug|Any CPU.ActiveCfg = Debug|Any CPU
		{8307AE78-F46A-4880-B60C-07102D159A77}.Debug|Any CPU.Build.0 = Debug|Any CPU
		{8307AE78-F46A-4880-B60C-07102D159A77}.Release|Any CPU.ActiveCfg = Release|Any CPU
		{8307AE78-F46A-4880-B60C-07102D159A77}.Release|Any CPU.Build.0 = Release|Any CPU
	EndGlobalSection
	GlobalSection(SolutionProperties) = preSolution
		HideSolutionNode = FALSE
	EndGlobalSection
	GlobalSection(ExtensibilityGlobals) = postSolution
		SolutionGuid = {5E954F78-32A6-44D0-B206-E7DA91F347BF}
	EndGlobalSection
EndGlobal
